<?xml version="1.0" encoding="utf-8"?>
<Project ToolsVersion="4.0" xmlns="http://schemas.microsoft.com/developer/msbuild/2003">
  <ItemGroup>
    <Filter Include="Source Files">
      <UniqueIdentifier>{4FC737F1-C7A5-4376-A066-2A32D752A2FF}</UniqueIdentifier>
      <Extensions>cpp;c;cc;cxx;def;odl;idl;hpj;bat;asm;asmx</Extensions>
    </Filter>
    <Filter Include="Header Files">
      <UniqueIdentifier>{93995380-89BD-4b04-88EB-625FBE52EBFB}</UniqueIdentifier>
      <Extensions>h;hh;hpp;hxx;hm;inl;inc;xsd</Extensions>
    </Filter>
    <Filter Include="Resource Files">
      <UniqueIdentifier>{67DA6AB6-F800-4c08-8B7A-83BB121AAD01}</UniqueIdentifier>
      <Extensions>rc;ico;cur;bmp;dlg;rc2;rct;bin;rgs;gif;jpg;jpeg;jpe;resx;tiff;tif;png;wav</Extensions>
    </Filter>
  </ItemGroup>
  <ItemGroup>
    <ClCompile Include="src\main.cpp">
      <Filter>Source Files</Filter>
    </ClCompile>
    <ClCompile Include="libs\vk-bootstrap\src\VkBootstrap.cpp">
      <Filter>Source Files</Filter>
    </ClCompile>
    <ClCompile Include="libs\imgui\imgui.cpp">
      <Filter>Source Files</Filter>
    </ClCompile>
    <ClCompile Include="libs\imgui\imgui_demo.cpp">
      <Filter>Source Files</Filter>
    </ClCompile>
    <ClCompile Include="libs\imgui\imgui_draw.cpp">
      <Filter>Source Files</Filter>
    </ClCompile>
    <ClCompile Include="libs\imgui\imgui_tables.cpp">
      <Filter>Source Files</Filter>
    </ClCompile>
    <ClCompile Include="libs\imgui\imgui_widgets.cpp">
      <Filter>Source Files</Filter>
    </ClCompile>
    <ClCompile Include="libs\imgui\backends\imgui_impl_vulkan.cpp">
      <Filter>Source Files</Filter>
    </ClCompile>
    <ClCompile Include="libs\imgui\backends\imgui_impl_glfw.cpp">
      <Filter>Source Files</Filter>
    </ClCompile>
    <ClCompile Include="libs\lz4\lz4.cpp">
      <Filter>Source Files</Filter>
    </ClCompile>
    <ClCompile Include="libs\lz4\lz4hc.cpp">
      <Filter>Source Files</Filter>
    </ClCompile>
    <ClCompile Include="libs\lz4\xxhash.cpp">
      <Filter>Source Files</Filter>
    </ClCompile>
    <ClCompile Include="libs\imgui\misc\cpp\imgui_stdlib.cpp">
      <Filter>Source Files</Filter>
    </ClCompile>
    <ClCompile Include="libs\vuk\src\Allocator.cpp">
      <Filter>Source Files</Filter>
    </ClCompile>
    <ClCompile Include="libs\vuk\src\Cache.cpp">
      <Filter>Source Files</Filter>
    </ClCompile>
    <ClCompile Include="libs\vuk\src\CommandBuffer.cpp">
      <Filter>Source Files</Filter>
    </ClCompile>
    <ClCompile Include="libs\vuk\src\Context.cpp">
      <Filter>Source Files</Filter>
    </ClCompile>
    <ClCompile Include="libs\vuk\src\Descriptor.cpp">
      <Filter>Source Files</Filter>
    </ClCompile>
    <ClCompile Include="libs\vuk\src\DeviceFrameResource.cpp">
      <Filter>Source Files</Filter>
    </ClCompile>
    <ClCompile Include="libs\vuk\src\DeviceVkResource.cpp">
      <Filter>Source Files</Filter>
    </ClCompile>
    <ClCompile Include="libs\vuk\src\ExecutableRenderGraph.cpp">
      <Filter>Source Files</Filter>
    </ClCompile>
    <ClCompile Include="libs\vuk\src\Format.cpp">
      <Filter>Source Files</Filter>
    </ClCompile>
    <ClCompile Include="libs\vuk\src\Name.cpp">
      <Filter>Source Files</Filter>
    </ClCompile>
    <ClCompile Include="libs\vuk\src\Pipeline.cpp">
      <Filter>Source Files</Filter>
    </ClCompile>
    <ClCompile Include="libs\vuk\src\Program.cpp">
      <Filter>Source Files</Filter>
    </ClCompile>
    <ClCompile Include="libs\vuk\src\RenderGraph.cpp">
      <Filter>Source Files</Filter>
    </ClCompile>
    <ClCompile Include="libs\vuk\src\RenderGraphUtil.cpp">
      <Filter>Source Files</Filter>
    </ClCompile>
    <ClCompile Include="libs\vuk\src\Util.cpp">
      <Filter>Source Files</Filter>
    </ClCompile>
    <ClCompile Include="libs\vuk\ext\SPIRV-Cross\spirv_cross.cpp">
      <Filter>Source Files</Filter>
    </ClCompile>
    <ClCompile Include="libs\vuk\ext\SPIRV-Cross\spirv_cfg.cpp">
      <Filter>Source Files</Filter>
    </ClCompile>
    <ClCompile Include="libs\vuk\ext\SPIRV-Cross\spirv_cpp.cpp">
      <Filter>Source Files</Filter>
    </ClCompile>
    <ClCompile Include="libs\vuk\ext\SPIRV-Cross\spirv_cross_c.cpp">
      <Filter>Source Files</Filter>
    </ClCompile>
    <ClCompile Include="libs\vuk\ext\SPIRV-Cross\spirv_cross_parsed_ir.cpp">
      <Filter>Source Files</Filter>
    </ClCompile>
    <ClCompile Include="libs\vuk\ext\SPIRV-Cross\spirv_cross_util.cpp">
      <Filter>Source Files</Filter>
    </ClCompile>
    <ClCompile Include="libs\vuk\ext\SPIRV-Cross\spirv_glsl.cpp">
      <Filter>Source Files</Filter>
    </ClCompile>
    <ClCompile Include="libs\vuk\ext\SPIRV-Cross\spirv_hlsl.cpp">
      <Filter>Source Files</Filter>
    </ClCompile>
    <ClCompile Include="libs\vuk\ext\SPIRV-Cross\spirv_msl.cpp">
      <Filter>Source Files</Filter>
    </ClCompile>
    <ClCompile Include="libs\vuk\ext\SPIRV-Cross\spirv_parser.cpp">
      <Filter>Source Files</Filter>
    </ClCompile>
    <ClCompile Include="libs\vuk\ext\SPIRV-Cross\spirv_reflect.cpp">
      <Filter>Source Files</Filter>
    </ClCompile>
    <ClCompile Include="src\h_impl.cpp">
      <Filter>Source Files</Filter>
    </ClCompile>
    <ClCompile Include="src\renderer\camera.cpp">
      <Filter>Source Files</Filter>
    </ClCompile>
    <ClCompile Include="src\renderer\render_scene.cpp">
      <Filter>Source Files</Filter>
    </ClCompile>
    <ClCompile Include="src\renderer\renderer.cpp">
      <Filter>Source Files</Filter>
    </ClCompile>
    <ClCompile Include="src\renderer\viewport.cpp">
      <Filter>Source Files</Filter>
    </ClCompile>
    <ClCompile Include="src\renderer\renderable.cpp">
      <Filter>Source Files</Filter>
    </ClCompile>
    <ClCompile Include="src\renderer\draw_functions.cpp">
      <Filter>Source Files</Filter>
    </ClCompile>
    <ClCompile Include="libs\tracy\public\TracyClient.cpp">
      <Filter>Source Files</Filter>
    </ClCompile>
    <ClCompile Include="src\game\systems.cpp">
      <Filter>Source Files</Filter>
    </ClCompile>
    <ClCompile Include="libs\fmt\src\format.cc">
      <Filter>Source Files</Filter>
    </ClCompile>
    <ClCompile Include="src\renderer\assets\asset_loader.cpp">
      <Filter>Source Files</Filter>
    </ClCompile>
    <ClCompile Include="src\renderer\assets\material.cpp">
      <Filter>Source Files</Filter>
    </ClCompile>
    <ClCompile Include="src\renderer\assets\mesh.cpp">
      <Filter>Source Files</Filter>
    </ClCompile>
    <ClCompile Include="src\renderer\assets\mesh_asset.cpp">
      <Filter>Source Files</Filter>
    </ClCompile>
    <ClCompile Include="src\renderer\assets\model.cpp">
      <Filter>Source Files</Filter>
    </ClCompile>
    <ClCompile Include="src\renderer\assets\texture.cpp">
      <Filter>Source Files</Filter>
    </ClCompile>
    <ClCompile Include="src\renderer\assets\texture_asset.cpp">
      <Filter>Source Files</Filter>
    </ClCompile>
    <ClCompile Include="src\game\map.cpp">
      <Filter>Source Files</Filter>
    </ClCompile>
    <ClCompile Include="src\renderer\samplers.cpp">
      <Filter>Source Files</Filter>
    </ClCompile>
    <ClCompile Include="src\game\camera_controller.cpp">
      <Filter>Source Files</Filter>
    </ClCompile>
    <ClCompile Include="src\game\game.cpp">
      <Filter>Source Files</Filter>
    </ClCompile>
    <ClCompile Include="src\game\input.cpp">
      <Filter>Source Files</Filter>
    </ClCompile>
    <ClCompile Include="src\game\scene.cpp">
      <Filter>Source Files</Filter>
    </ClCompile>
    <ClCompile Include="src\renderer\assets\particles.cpp">
      <Filter>Source Files</Filter>
    </ClCompile>
    <ClCompile Include="src\editor\asset_browser.cpp">
      <Filter>Source Files</Filter>
    </ClCompile>
    <ClCompile Include="src\editor\asset_editor.cpp">
      <Filter>Source Files</Filter>
    </ClCompile>
    <ClCompile Include="src\editor\map_editor.cpp">
      <Filter>Source Files</Filter>
    </ClCompile>
    <ClCompile Include="src\editor\test_scene.cpp">
      <Filter>Source Files</Filter>
    </ClCompile>
    <ClCompile Include="src\editor\console.cpp">
      <Filter>Source Files</Filter>
    </ClCompile>
    <ClCompile Include="src\game\game_file.cpp">
      <Filter>Source Files</Filter>
    </ClCompile>
    <ClCompile Include="src\renderer\assets\skeleton.cpp">
      <Filter>Source Files</Filter>
    </ClCompile>
    <ClCompile Include="src\renderer\vertex.cpp">
      <Filter>Source Files</Filter>
    </ClCompile>
    <ClCompile Include="src\editor\editor_scene.cpp">
      <Filter>Source Files</Filter>
    </ClCompile>
    <ClCompile Include="src\editor\game_scene.cpp">
      <Filter>Source Files</Filter>
    </ClCompile>
    <ClCompile Include="src\editor\gui.cpp">
      <Filter>Source Files</Filter>
    </ClCompile>
    <ClCompile Include="src\editor\pose_widget.cpp">
      <Filter>Source Files</Filter>
    </ClCompile>
    <ClCompile Include="src\editor\skeleton_widget.cpp">
      <Filter>Source Files</Filter>
    </ClCompile>
    <ClCompile Include="src\editor\widget_system.cpp">
      <Filter>Source Files</Filter>
    </ClCompile>
    <ClCompile Include="src\game\entities\ability.cpp">
      <Filter>Source Files</Filter>
    </ClCompile>
    <ClCompile Include="src\game\entities\caster.cpp">
      <Filter>Source Files</Filter>
    </ClCompile>
    <ClCompile Include="src\game\entities\components.cpp">
      <Filter>Source Files</Filter>
    </ClCompile>
    <ClCompile Include="src\game\entities\consumer.cpp">
      <Filter>Source Files</Filter>
    </ClCompile>
    <ClCompile Include="src\game\entities\drop.cpp">
      <Filter>Source Files</Filter>
    </ClCompile>
    <ClCompile Include="src\game\entities\enemy.cpp">
      <Filter>Source Files</Filter>
    </ClCompile>
    <ClCompile Include="src\game\entities\lizard.cpp">
      <Filter>Source Files</Filter>
    </ClCompile>
    <ClCompile Include="src\game\entities\lizards\assassin.cpp">
      <Filter>Source Files</Filter>
    </ClCompile>
    <ClCompile Include="src\game\entities\lizards\barbarian.cpp">
      <Filter>Source Files</Filter>
    </ClCompile>
    <ClCompile Include="src\game\entities\lizards\champion.cpp">
      <Filter>Source Files</Filter>
    </ClCompile>
    <ClCompile Include="src\game\entities\lizards\illusion_mage.cpp">
      <Filter>Source Files</Filter>
    </ClCompile>
    <ClCompile Include="src\game\entities\lizards\mind_mage.cpp">
      <Filter>Source Files</Filter>
    </ClCompile>
    <ClCompile Include="src\game\entities\lizards\ranger.cpp">
      <Filter>Source Files</Filter>
    </ClCompile>
    <ClCompile Include="src\game\entities\lizards\warlock.cpp">
      <Filter>Source Files</Filter>
    </ClCompile>
    <ClCompile Include="src\game\entities\lizards\water_mage.cpp">
      <Filter>Source Files</Filter>
    </ClCompile>
    <ClCompile Include="src\game\entities\projectile.cpp">
      <Filter>Source Files</Filter>
    </ClCompile>
    <ClCompile Include="src\game\entities\spawner.cpp">
      <Filter>Source Files</Filter>
    </ClCompile>
    <ClCompile Include="src\game\entities\stat.cpp">
      <Filter>Source Files</Filter>
    </ClCompile>
    <ClCompile Include="src\game\entities\targeting.cpp">
      <Filter>Source Files</Filter>
    </ClCompile>
    <ClCompile Include="src\game\entities\tile.cpp">
      <Filter>Source Files</Filter>
    </ClCompile>
    <ClCompile Include="src\game\map_targeting.cpp">
      <Filter>Source Files</Filter>
    </ClCompile>
    <ClCompile Include="src\game\player.cpp">
      <Filter>Source Files</Filter>
    </ClCompile>
    <ClCompile Include="src\game\pose_controller.cpp">
      <Filter>Source Files</Filter>
    </ClCompile>
    <ClCompile Include="src\game\shop.cpp">
      <Filter>Source Files</Filter>
    </ClCompile>
    <ClCompile Include="src\game\tile_set_generator.cpp">
      <Filter>Source Files</Filter>
    </ClCompile>
    <ClCompile Include="src\game\timer.cpp">
      <Filter>Source Files</Filter>
    </ClCompile>
    <ClCompile Include="src\game\visual_tile.cpp">
      <Filter>Source Files</Filter>
    </ClCompile>
    <ClCompile Include="src\renderer\light.cpp">
      <Filter>Source Files</Filter>
    </ClCompile>
    <ClCompile Include="src\game\entities\area_trigger.cpp">
      <Filter>Source Files</Filter>
    </ClCompile>
    <ClCompile Include="libs\vuk\src\BufferAllocator.cpp">
      <Filter>Source Files</Filter>
    </ClCompile>
    <ClCompile Include="src\game\entities\enemy_ik.cpp">
      <Filter>Source Files</Filter>
    </ClCompile>
    <ClCompile Include="src\game\audio.cpp">
      <Filter>Source Files</Filter>
    </ClCompile>
    <ClCompile Include="src\game\entities\tags.cpp">
      <Filter>Source Files</Filter>
    </ClCompile>
    <ClCompile Include="src\game\json_cache.cpp">
      <Filter>Source Files</Filter>
    </ClCompile>
    <ClCompile Include="src\archive\general\bitmask_3d.cpp">
      <Filter>Source Files</Filter>
    </ClCompile>
    <ClCompile Include="src\archive\general\logger.cpp">
      <Filter>Source Files</Filter>
    </ClCompile>
    <ClCompile Include="src\archive\general\math\geometry.cpp">
      <Filter>Source Files</Filter>
    </ClCompile>
    <ClCompile Include="src\archive\general\math\math.cpp">
      <Filter>Source Files</Filter>
    </ClCompile>
    <ClCompile Include="src\archive\general\math\matrix.cpp">
      <Filter>Source Files</Filter>
    </ClCompile>
    <ClCompile Include="src\archive\general\math\matrix_math.cpp">
      <Filter>Source Files</Filter>
    </ClCompile>
    <ClCompile Include="src\archive\general\math\quaternion.cpp">
      <Filter>Source Files</Filter>
    </ClCompile>
    <ClCompile Include="src\archive\general\path.cpp">
      <Filter>Source Files</Filter>
    </ClCompile>
    <ClCompile Include="src\archive\general\astar.cpp">
      <Filter>Source Files</Filter>
    </ClCompile>
    <ClCompile Include="src\archive\general\color.cpp">
      <Filter>Source Files</Filter>
    </ClCompile>
    <ClCompile Include="src\archive\general\file.cpp">
      <Filter>Source Files</Filter>
    </ClCompile>
    <ClCompile Include="src\archive\general\json.cpp">
      <Filter>Source Files</Filter>
    </ClCompile>
    <ClCompile Include="src\archive\general\glfw.cpp">
      <Filter>Source Files</Filter>
    </ClCompile>
    <ClCompile Include="src\archive\general\imgui_extra.cpp">
      <Filter>Source Files</Filter>
    </ClCompile>
    <ClCompile Include="src\archive\general\vuk_imgui.cpp">
      <Filter>Source Files</Filter>
    </ClCompile>
    <ClCompile Include="src\archive\extension\glfw.cpp">
      <Filter>Source Files</Filter>
    </ClCompile>
    <ClCompile Include="src\archive\extension\imgui_extra.cpp">
      <Filter>Source Files</Filter>
    </ClCompile>
    <ClCompile Include="src\archive\extension\vuk_imgui.cpp">
      <Filter>Source Files</Filter>
    </ClCompile>
  </ItemGroup>
  <ItemGroup>
    <ClInclude Include="libs\vk-bootstrap\src\VkBootstrap.h">
      <Filter>Header Files</Filter>
    </ClInclude>
    <ClInclude Include="libs\vk-bootstrap\src\VkBootstrapDispatch.h">
      <Filter>Header Files</Filter>
    </ClInclude>
    <ClInclude Include="libs\imgui\imconfig.h">
      <Filter>Header Files</Filter>
    </ClInclude>
    <ClInclude Include="libs\imgui\imgui.h">
      <Filter>Header Files</Filter>
    </ClInclude>
    <ClInclude Include="libs\imgui\imgui_internal.h">
      <Filter>Header Files</Filter>
    </ClInclude>
    <ClInclude Include="libs\imgui\imstb_rectpack.h">
      <Filter>Header Files</Filter>
    </ClInclude>
    <ClInclude Include="libs\imgui\imstb_textedit.h">
      <Filter>Header Files</Filter>
    </ClInclude>
    <ClInclude Include="libs\imgui\imstb_truetype.h">
      <Filter>Header Files</Filter>
    </ClInclude>
    <ClInclude Include="libs\imgui\backends\imgui_impl_vulkan.h">
      <Filter>Header Files</Filter>
    </ClInclude>
    <ClInclude Include="libs\imgui\backends\imgui_impl_glfw.h">
      <Filter>Header Files</Filter>
    </ClInclude>
    <ClInclude Include="libs\entt\src\entt\config\config.h">
      <Filter>Header Files</Filter>
    </ClInclude>
    <ClInclude Include="libs\entt\src\entt\config\version.h">
      <Filter>Header Files</Filter>
    </ClInclude>
    <ClInclude Include="libs\entt\src\entt\container\dense_hash_map.hpp">
      <Filter>Header Files</Filter>
    </ClInclude>
    <ClInclude Include="libs\entt\src\entt\container\dense_hash_set.hpp">
      <Filter>Header Files</Filter>
    </ClInclude>
    <ClInclude Include="libs\entt\src\entt\container\fwd.hpp">
      <Filter>Header Files</Filter>
    </ClInclude>
    <ClInclude Include="libs\entt\src\entt\core\algorithm.hpp">
      <Filter>Header Files</Filter>
    </ClInclude>
    <ClInclude Include="libs\entt\src\entt\core\any.hpp">
      <Filter>Header Files</Filter>
    </ClInclude>
    <ClInclude Include="libs\entt\src\entt\core\attribute.h">
      <Filter>Header Files</Filter>
    </ClInclude>
    <ClInclude Include="libs\entt\src\entt\core\compressed_pair.hpp">
      <Filter>Header Files</Filter>
    </ClInclude>
    <ClInclude Include="libs\entt\src\entt\core\enum.hpp">
      <Filter>Header Files</Filter>
    </ClInclude>
    <ClInclude Include="libs\entt\src\entt\core\family.hpp">
      <Filter>Header Files</Filter>
    </ClInclude>
    <ClInclude Include="libs\entt\src\entt\core\fwd.hpp">
      <Filter>Header Files</Filter>
    </ClInclude>
    <ClInclude Include="libs\entt\src\entt\core\hashed_string.hpp">
      <Filter>Header Files</Filter>
    </ClInclude>
    <ClInclude Include="libs\entt\src\entt\core\ident.hpp">
      <Filter>Header Files</Filter>
    </ClInclude>
    <ClInclude Include="libs\entt\src\entt\core\iterator.hpp">
      <Filter>Header Files</Filter>
    </ClInclude>
    <ClInclude Include="libs\entt\src\entt\core\memory.hpp">
      <Filter>Header Files</Filter>
    </ClInclude>
    <ClInclude Include="libs\entt\src\entt\core\monostate.hpp">
      <Filter>Header Files</Filter>
    </ClInclude>
    <ClInclude Include="libs\entt\src\entt\core\tuple.hpp">
      <Filter>Header Files</Filter>
    </ClInclude>
    <ClInclude Include="libs\entt\src\entt\core\type_info.hpp">
      <Filter>Header Files</Filter>
    </ClInclude>
    <ClInclude Include="libs\entt\src\entt\core\type_traits.hpp">
      <Filter>Header Files</Filter>
    </ClInclude>
    <ClInclude Include="libs\entt\src\entt\core\utility.hpp">
      <Filter>Header Files</Filter>
    </ClInclude>
    <ClInclude Include="libs\entt\src\entt\entity\component.hpp">
      <Filter>Header Files</Filter>
    </ClInclude>
    <ClInclude Include="libs\entt\src\entt\entity\entity.hpp">
      <Filter>Header Files</Filter>
    </ClInclude>
    <ClInclude Include="libs\entt\src\entt\entity\fwd.hpp">
      <Filter>Header Files</Filter>
    </ClInclude>
    <ClInclude Include="libs\entt\src\entt\entity\group.hpp">
      <Filter>Header Files</Filter>
    </ClInclude>
    <ClInclude Include="libs\entt\src\entt\entity\handle.hpp">
      <Filter>Header Files</Filter>
    </ClInclude>
    <ClInclude Include="libs\entt\src\entt\entity\helper.hpp">
      <Filter>Header Files</Filter>
    </ClInclude>
    <ClInclude Include="libs\entt\src\entt\entity\observer.hpp">
      <Filter>Header Files</Filter>
    </ClInclude>
    <ClInclude Include="libs\entt\src\entt\entity\organizer.hpp">
      <Filter>Header Files</Filter>
    </ClInclude>
    <ClInclude Include="libs\entt\src\entt\entity\registry.hpp">
      <Filter>Header Files</Filter>
    </ClInclude>
    <ClInclude Include="libs\entt\src\entt\entity\runtime_view.hpp">
      <Filter>Header Files</Filter>
    </ClInclude>
    <ClInclude Include="libs\entt\src\entt\entity\snapshot.hpp">
      <Filter>Header Files</Filter>
    </ClInclude>
    <ClInclude Include="libs\entt\src\entt\entity\sparse_set.hpp">
      <Filter>Header Files</Filter>
    </ClInclude>
    <ClInclude Include="libs\entt\src\entt\entity\storage.hpp">
      <Filter>Header Files</Filter>
    </ClInclude>
    <ClInclude Include="libs\entt\src\entt\entity\utility.hpp">
      <Filter>Header Files</Filter>
    </ClInclude>
    <ClInclude Include="libs\entt\src\entt\entity\view.hpp">
      <Filter>Header Files</Filter>
    </ClInclude>
    <ClInclude Include="libs\entt\src\entt\locator\locator.hpp">
      <Filter>Header Files</Filter>
    </ClInclude>
    <ClInclude Include="libs\entt\src\entt\meta\adl_pointer.hpp">
      <Filter>Header Files</Filter>
    </ClInclude>
    <ClInclude Include="libs\entt\src\entt\meta\container.hpp">
      <Filter>Header Files</Filter>
    </ClInclude>
    <ClInclude Include="libs\entt\src\entt\meta\ctx.hpp">
      <Filter>Header Files</Filter>
    </ClInclude>
    <ClInclude Include="libs\entt\src\entt\meta\factory.hpp">
      <Filter>Header Files</Filter>
    </ClInclude>
    <ClInclude Include="libs\entt\src\entt\meta\fwd.hpp">
      <Filter>Header Files</Filter>
    </ClInclude>
    <ClInclude Include="libs\entt\src\entt\meta\meta.hpp">
      <Filter>Header Files</Filter>
    </ClInclude>
    <ClInclude Include="libs\entt\src\entt\meta\node.hpp">
      <Filter>Header Files</Filter>
    </ClInclude>
    <ClInclude Include="libs\entt\src\entt\meta\pointer.hpp">
      <Filter>Header Files</Filter>
    </ClInclude>
    <ClInclude Include="libs\entt\src\entt\meta\policy.hpp">
      <Filter>Header Files</Filter>
    </ClInclude>
    <ClInclude Include="libs\entt\src\entt\meta\range.hpp">
      <Filter>Header Files</Filter>
    </ClInclude>
    <ClInclude Include="libs\entt\src\entt\meta\resolve.hpp">
      <Filter>Header Files</Filter>
    </ClInclude>
    <ClInclude Include="libs\entt\src\entt\meta\template.hpp">
      <Filter>Header Files</Filter>
    </ClInclude>
    <ClInclude Include="libs\entt\src\entt\meta\type_traits.hpp">
      <Filter>Header Files</Filter>
    </ClInclude>
    <ClInclude Include="libs\entt\src\entt\meta\utility.hpp">
      <Filter>Header Files</Filter>
    </ClInclude>
    <ClInclude Include="libs\entt\src\entt\platform\android-ndk-r17.hpp">
      <Filter>Header Files</Filter>
    </ClInclude>
    <ClInclude Include="libs\entt\src\entt\poly\fwd.hpp">
      <Filter>Header Files</Filter>
    </ClInclude>
    <ClInclude Include="libs\entt\src\entt\poly\poly.hpp">
      <Filter>Header Files</Filter>
    </ClInclude>
    <ClInclude Include="libs\entt\src\entt\process\process.hpp">
      <Filter>Header Files</Filter>
    </ClInclude>
    <ClInclude Include="libs\entt\src\entt\process\scheduler.hpp">
      <Filter>Header Files</Filter>
    </ClInclude>
    <ClInclude Include="libs\entt\src\entt\resource\cache.hpp">
      <Filter>Header Files</Filter>
    </ClInclude>
    <ClInclude Include="libs\entt\src\entt\resource\fwd.hpp">
      <Filter>Header Files</Filter>
    </ClInclude>
    <ClInclude Include="libs\entt\src\entt\resource\handle.hpp">
      <Filter>Header Files</Filter>
    </ClInclude>
    <ClInclude Include="libs\entt\src\entt\resource\loader.hpp">
      <Filter>Header Files</Filter>
    </ClInclude>
    <ClInclude Include="libs\entt\src\entt\signal\delegate.hpp">
      <Filter>Header Files</Filter>
    </ClInclude>
    <ClInclude Include="libs\entt\src\entt\signal\dispatcher.hpp">
      <Filter>Header Files</Filter>
    </ClInclude>
    <ClInclude Include="libs\entt\src\entt\signal\emitter.hpp">
      <Filter>Header Files</Filter>
    </ClInclude>
    <ClInclude Include="libs\entt\src\entt\signal\fwd.hpp">
      <Filter>Header Files</Filter>
    </ClInclude>
    <ClInclude Include="libs\entt\src\entt\signal\sigh.hpp">
      <Filter>Header Files</Filter>
    </ClInclude>
    <ClInclude Include="libs\entt\src\entt\entt.hpp">
      <Filter>Header Files</Filter>
    </ClInclude>
    <ClInclude Include="libs\entt\src\entt\fwd.hpp">
      <Filter>Header Files</Filter>
    </ClInclude>
    <ClInclude Include="libs\tinygltf\tiny_gltf.h">
      <Filter>Header Files</Filter>
    </ClInclude>
    <ClInclude Include="libs\lz4\lz4.h">
      <Filter>Header Files</Filter>
    </ClInclude>
    <ClInclude Include="libs\lz4\lz4hc.h">
      <Filter>Header Files</Filter>
    </ClInclude>
    <ClInclude Include="libs\lz4\xxhash.h">
      <Filter>Header Files</Filter>
    </ClInclude>
    <ClInclude Include="libs\imgui\misc\cpp\imgui_stdlib.h">
      <Filter>Header Files</Filter>
    </ClInclude>
    <ClInclude Include="libs\vuk\src\Cache.hpp">
      <Filter>Header Files</Filter>
    </ClInclude>
    <ClInclude Include="libs\vuk\src\ContextImpl.hpp">
      <Filter>Header Files</Filter>
    </ClInclude>
    <ClInclude Include="libs\vuk\src\CreateInfo.hpp">
      <Filter>Header Files</Filter>
    </ClInclude>
    <ClInclude Include="libs\vuk\src\RenderGraphImpl.hpp">
      <Filter>Header Files</Filter>
    </ClInclude>
    <ClInclude Include="libs\vuk\src\RenderGraphUtil.hpp">
      <Filter>Header Files</Filter>
    </ClInclude>
    <ClInclude Include="libs\vuk\src\RenderPass.hpp">
      <Filter>Header Files</Filter>
    </ClInclude>
    <ClInclude Include="libs\vuk\src\ToIntegral.hpp">
      <Filter>Header Files</Filter>
    </ClInclude>
    <ClInclude Include="libs\vuk\include\vuk\Allocator.hpp">
      <Filter>Header Files</Filter>
    </ClInclude>
    <ClInclude Include="libs\vuk\include\vuk\AllocatorHelpers.hpp">
      <Filter>Header Files</Filter>
    </ClInclude>
    <ClInclude Include="libs\vuk\include\vuk\Bitset.hpp">
      <Filter>Header Files</Filter>
    </ClInclude>
    <ClInclude Include="libs\vuk\include\vuk\Buffer.hpp">
      <Filter>Header Files</Filter>
    </ClInclude>
    <ClInclude Include="libs\vuk\include\vuk\CommandBuffer.hpp">
      <Filter>Header Files</Filter>
    </ClInclude>
    <ClInclude Include="libs\vuk\include\vuk\Config.hpp">
      <Filter>Header Files</Filter>
    </ClInclude>
    <ClInclude Include="libs\vuk\include\vuk\Context.hpp">
      <Filter>Header Files</Filter>
    </ClInclude>
    <ClInclude Include="libs\vuk\include\vuk\Descriptor.hpp">
      <Filter>Header Files</Filter>
    </ClInclude>
    <ClInclude Include="libs\vuk\include\vuk\Exception.hpp">
      <Filter>Header Files</Filter>
    </ClInclude>
    <ClInclude Include="libs\vuk\include\vuk\FixedVector.hpp">
      <Filter>Header Files</Filter>
    </ClInclude>
    <ClInclude Include="libs\vuk\include\vuk\Future.hpp">
      <Filter>Header Files</Filter>
    </ClInclude>
    <ClInclude Include="libs\vuk\include\vuk\Hash.hpp">
      <Filter>Header Files</Filter>
    </ClInclude>
    <ClInclude Include="libs\vuk\include\vuk\Image.hpp">
      <Filter>Header Files</Filter>
    </ClInclude>
    <ClInclude Include="libs\vuk\include\vuk\ImageAttachment.hpp">
      <Filter>Header Files</Filter>
    </ClInclude>
    <ClInclude Include="libs\vuk\include\vuk\MapProxy.hpp">
      <Filter>Header Files</Filter>
    </ClInclude>
    <ClInclude Include="libs\vuk\include\vuk\Name.hpp">
      <Filter>Header Files</Filter>
    </ClInclude>
    <ClInclude Include="libs\vuk\include\vuk\Partials.hpp">
      <Filter>Header Files</Filter>
    </ClInclude>
    <ClInclude Include="libs\vuk\include\vuk\Pipeline.hpp">
      <Filter>Header Files</Filter>
    </ClInclude>
    <ClInclude Include="libs\vuk\include\vuk\PipelineInstance.hpp">
      <Filter>Header Files</Filter>
    </ClInclude>
    <ClInclude Include="libs\vuk\include\vuk\PipelineTypes.hpp">
      <Filter>Header Files</Filter>
    </ClInclude>
    <ClInclude Include="libs\vuk\include\vuk\Program.hpp">
      <Filter>Header Files</Filter>
    </ClInclude>
    <ClInclude Include="libs\vuk\include\vuk\Query.hpp">
      <Filter>Header Files</Filter>
    </ClInclude>
    <ClInclude Include="libs\vuk\include\vuk\RenderGraph.hpp">
      <Filter>Header Files</Filter>
    </ClInclude>
    <ClInclude Include="libs\vuk\include\vuk\Result.hpp">
      <Filter>Header Files</Filter>
    </ClInclude>
    <ClInclude Include="libs\vuk\include\vuk\SampledImage.hpp">
      <Filter>Header Files</Filter>
    </ClInclude>
    <ClInclude Include="libs\vuk\include\vuk\ShaderSource.hpp">
      <Filter>Header Files</Filter>
    </ClInclude>
    <ClInclude Include="libs\vuk\include\vuk\ShortAlloc.hpp">
      <Filter>Header Files</Filter>
    </ClInclude>
    <ClInclude Include="libs\vuk\include\vuk\Swapchain.hpp">
      <Filter>Header Files</Filter>
    </ClInclude>
    <ClInclude Include="libs\vuk\include\vuk\Types.hpp">
      <Filter>Header Files</Filter>
    </ClInclude>
    <ClInclude Include="libs\vuk\include\vuk\vuk_fwd.hpp">
      <Filter>Header Files</Filter>
    </ClInclude>
    <ClInclude Include="libs\vuk\ext\SPIRV-Cross\spirv_cross.hpp">
      <Filter>Header Files</Filter>
    </ClInclude>
    <ClInclude Include="libs\vuk\ext\SPIRV-Cross\spirv_cfg.hpp">
      <Filter>Header Files</Filter>
    </ClInclude>
    <ClInclude Include="libs\vuk\ext\SPIRV-Cross\spirv.hpp">
      <Filter>Header Files</Filter>
    </ClInclude>
    <ClInclude Include="libs\vuk\ext\SPIRV-Cross\spirv.h">
      <Filter>Header Files</Filter>
    </ClInclude>
    <ClInclude Include="libs\vuk\ext\SPIRV-Cross\spirv_common.hpp">
      <Filter>Header Files</Filter>
    </ClInclude>
    <ClInclude Include="libs\vuk\ext\SPIRV-Cross\spirv_cpp.hpp">
      <Filter>Header Files</Filter>
    </ClInclude>
    <ClInclude Include="libs\vuk\ext\SPIRV-Cross\spirv_cross_c.h">
      <Filter>Header Files</Filter>
    </ClInclude>
    <ClInclude Include="libs\vuk\ext\SPIRV-Cross\spirv_cross_containers.hpp">
      <Filter>Header Files</Filter>
    </ClInclude>
    <ClInclude Include="libs\vuk\ext\SPIRV-Cross\spirv_cross_error_handling.hpp">
      <Filter>Header Files</Filter>
    </ClInclude>
    <ClInclude Include="libs\vuk\ext\SPIRV-Cross\spirv_cross_parsed_ir.hpp">
      <Filter>Header Files</Filter>
    </ClInclude>
    <ClInclude Include="libs\vuk\ext\SPIRV-Cross\spirv_cross_util.hpp">
      <Filter>Header Files</Filter>
    </ClInclude>
    <ClInclude Include="libs\vuk\ext\SPIRV-Cross\spirv_glsl.hpp">
      <Filter>Header Files</Filter>
    </ClInclude>
    <ClInclude Include="libs\vuk\ext\SPIRV-Cross\spirv_hlsl.hpp">
      <Filter>Header Files</Filter>
    </ClInclude>
    <ClInclude Include="libs\vuk\ext\SPIRV-Cross\spirv_msl.hpp">
      <Filter>Header Files</Filter>
    </ClInclude>
    <ClInclude Include="libs\vuk\ext\SPIRV-Cross\spirv_parser.hpp">
      <Filter>Header Files</Filter>
    </ClInclude>
    <ClInclude Include="libs\vuk\ext\SPIRV-Cross\spirv_reflect.hpp">
      <Filter>Header Files</Filter>
    </ClInclude>
    <ClInclude Include="src\renderer\camera.hpp">
      <Filter>Header Files</Filter>
    </ClInclude>
    <ClInclude Include="src\renderer\render_scene.hpp">
      <Filter>Header Files</Filter>
    </ClInclude>
    <ClInclude Include="src\renderer\renderable.hpp">
      <Filter>Header Files</Filter>
    </ClInclude>
    <ClInclude Include="src\renderer\renderer.hpp">
      <Filter>Header Files</Filter>
    </ClInclude>
    <ClInclude Include="src\renderer\utils.hpp">
      <Filter>Header Files</Filter>
    </ClInclude>
    <ClInclude Include="src\renderer\vertex.hpp">
      <Filter>Header Files</Filter>
    </ClInclude>
    <ClInclude Include="src\renderer\viewport.hpp">
      <Filter>Header Files</Filter>
    </ClInclude>
    <ClInclude Include="src\renderer\draw_functions.hpp">
      <Filter>Header Files</Filter>
    </ClInclude>
    <ClInclude Include="libs\tracy\public\tracy\Tracy.hpp">
      <Filter>Header Files</Filter>
    </ClInclude>
    <ClInclude Include="src\renderer\samplers.hpp">
      <Filter>Header Files</Filter>
    </ClInclude>
    <ClInclude Include="src\game\systems.hpp">
      <Filter>Header Files</Filter>
    </ClInclude>
    <ClInclude Include="libs\imgui_config.h">
      <Filter>Header Files</Filter>
    </ClInclude>
    <ClInclude Include="src\renderer\assets\asset_loader.hpp">
      <Filter>Header Files</Filter>
    </ClInclude>
    <ClInclude Include="src\renderer\assets\material.hpp">
      <Filter>Header Files</Filter>
    </ClInclude>
    <ClInclude Include="src\renderer\assets\mesh.hpp">
      <Filter>Header Files</Filter>
    </ClInclude>
    <ClInclude Include="src\renderer\assets\mesh_asset.hpp">
      <Filter>Header Files</Filter>
    </ClInclude>
    <ClInclude Include="src\renderer\assets\model.hpp">
      <Filter>Header Files</Filter>
    </ClInclude>
    <ClInclude Include="src\renderer\assets\texture.hpp">
      <Filter>Header Files</Filter>
    </ClInclude>
    <ClInclude Include="src\renderer\assets\texture_asset.hpp">
      <Filter>Header Files</Filter>
    </ClInclude>
    <ClInclude Include="libs\magic_enum\include\magic_enum.hpp">
      <Filter>Header Files</Filter>
    </ClInclude>
    <ClInclude Include="src\game\map.hpp">
      <Filter>Header Files</Filter>
    </ClInclude>
    <ClInclude Include="libs\vuk\ext\robin-hood-hashing\src\include\robin_hood.h">
      <Filter>Header Files</Filter>
    </ClInclude>
    <ClInclude Include="src\game\camera_controller.hpp">
      <Filter>Header Files</Filter>
    </ClInclude>
    <ClInclude Include="src\game\game.hpp">
      <Filter>Header Files</Filter>
    </ClInclude>
    <ClInclude Include="src\game\input.hpp">
      <Filter>Header Files</Filter>
    </ClInclude>
    <ClInclude Include="src\game\scene.hpp">
      <Filter>Header Files</Filter>
    </ClInclude>
    <ClInclude Include="src\renderer\assets\particles.hpp">
      <Filter>Header Files</Filter>
    </ClInclude>
    <ClInclude Include="src\editor\asset_browser.hpp">
      <Filter>Header Files</Filter>
    </ClInclude>
    <ClInclude Include="src\editor\asset_editor.hpp">
      <Filter>Header Files</Filter>
    </ClInclude>
    <ClInclude Include="src\editor\map_editor.hpp">
      <Filter>Header Files</Filter>
    </ClInclude>
    <ClInclude Include="src\editor\test_scene.hpp">
      <Filter>Header Files</Filter>
    </ClInclude>
    <ClInclude Include="src\editor\console.hpp">
      <Filter>Header Files</Filter>
    </ClInclude>
    <ClInclude Include="src\renderer\assets\skeleton.hpp">
      <Filter>Header Files</Filter>
    </ClInclude>
    <ClInclude Include="libs\vuk\src\ShadercIncluder.hpp">
      <Filter>Header Files</Filter>
    </ClInclude>
    <ClInclude Include="src\game\game_file.hpp">
      <Filter>Header Files</Filter>
    </ClInclude>
    <ClInclude Include="src\editor\editor_scene.hpp">
      <Filter>Header Files</Filter>
    </ClInclude>
    <ClInclude Include="src\editor\game_scene.hpp">
      <Filter>Header Files</Filter>
    </ClInclude>
    <ClInclude Include="src\editor\gui.hpp">
      <Filter>Header Files</Filter>
    </ClInclude>
    <ClInclude Include="src\editor\pose_widget.hpp">
      <Filter>Header Files</Filter>
    </ClInclude>
    <ClInclude Include="src\editor\skeleton_widget.hpp">
      <Filter>Header Files</Filter>
    </ClInclude>
    <ClInclude Include="src\editor\widget_system.hpp">
      <Filter>Header Files</Filter>
    </ClInclude>
    <ClInclude Include="src\game\entities\ability.hpp">
      <Filter>Header Files</Filter>
    </ClInclude>
    <ClInclude Include="src\game\entities\caster.hpp">
      <Filter>Header Files</Filter>
    </ClInclude>
    <ClInclude Include="src\game\entities\components.hpp">
      <Filter>Header Files</Filter>
    </ClInclude>
    <ClInclude Include="src\game\entities\component_shared.hpp">
      <Filter>Header Files</Filter>
    </ClInclude>
    <ClInclude Include="src\game\entities\consumer.hpp">
      <Filter>Header Files</Filter>
    </ClInclude>
    <ClInclude Include="src\game\entities\drop.hpp">
      <Filter>Header Files</Filter>
    </ClInclude>
    <ClInclude Include="src\game\entities\enemy.hpp">
      <Filter>Header Files</Filter>
    </ClInclude>
    <ClInclude Include="src\game\entities\lizard.hpp">
      <Filter>Header Files</Filter>
    </ClInclude>
    <ClInclude Include="src\game\entities\lizards\lizard_builder.hpp">
      <Filter>Header Files</Filter>
    </ClInclude>
    <ClInclude Include="src\game\entities\projectile.hpp">
      <Filter>Header Files</Filter>
    </ClInclude>
    <ClInclude Include="src\game\entities\spawner.hpp">
      <Filter>Header Files</Filter>
    </ClInclude>
    <ClInclude Include="src\game\entities\stat.hpp">
      <Filter>Header Files</Filter>
    </ClInclude>
    <ClInclude Include="src\game\entities\targeting.hpp">
      <Filter>Header Files</Filter>
    </ClInclude>
    <ClInclude Include="src\game\entities\tile.hpp">
      <Filter>Header Files</Filter>
    </ClInclude>
    <ClInclude Include="src\game\map_targeting.hpp">
      <Filter>Header Files</Filter>
    </ClInclude>
    <ClInclude Include="src\game\player.hpp">
      <Filter>Header Files</Filter>
    </ClInclude>
    <ClInclude Include="src\game\pose_controller.hpp">
      <Filter>Header Files</Filter>
    </ClInclude>
    <ClInclude Include="src\game\shop.hpp">
      <Filter>Header Files</Filter>
    </ClInclude>
    <ClInclude Include="src\game\tile_set_generator.hpp">
      <Filter>Header Files</Filter>
    </ClInclude>
    <ClInclude Include="src\game\visual_tile.hpp">
      <Filter>Header Files</Filter>
    </ClInclude>
    <ClInclude Include="src\game\timer.hpp">
      <Filter>Header Files</Filter>
    </ClInclude>
    <ClInclude Include="src\renderer\assets\animation_state.hpp">
      <Filter>Header Files</Filter>
    </ClInclude>
    <ClInclude Include="src\renderer\image.hpp">
      <Filter>Header Files</Filter>
    </ClInclude>
    <ClInclude Include="src\renderer\light.hpp">
      <Filter>Header Files</Filter>
    </ClInclude>
    <ClInclude Include="src\game\entities\area_trigger.hpp">
      <Filter>Header Files</Filter>
    </ClInclude>
    <ClInclude Include="libs\vuk\src\BufferAllocator.hpp">
      <Filter>Header Files</Filter>
    </ClInclude>
    <ClInclude Include="src\game\entities\enemy_ik.hpp">
      <Filter>Header Files</Filter>
    </ClInclude>
    <ClInclude Include="src\game\audio.hpp">
      <Filter>Header Files</Filter>
    </ClInclude>
    <ClInclude Include="src\archive\general\fmt.hpp">
      <Filter>Header Files</Filter>
    </ClInclude>
    <ClInclude Include="src\game\entities\tags.hpp">
      <Filter>Header Files</Filter>
    </ClInclude>
    <ClInclude Include="src\game\json_cache.hpp">
      <Filter>Header Files</Filter>
    </ClInclude>
    <ClInclude Include="src\archive\general\bitmask_3d.hpp">
      <Filter>Header Files</Filter>
    </ClInclude>
    <ClInclude Include="src\archive\general\global.hpp">
      <Filter>Header Files</Filter>
    </ClInclude>
    <ClInclude Include="src\archive\general\logger.hpp">
      <Filter>Header Files</Filter>
    </ClInclude>
    <ClInclude Include="src\archive\general\math\geometry.hpp">
      <Filter>Header Files</Filter>
    </ClInclude>
    <ClInclude Include="src\archive\general\math\math.hpp">
      <Filter>Header Files</Filter>
    </ClInclude>
    <ClInclude Include="src\archive\general\math\matrix.hpp">
      <Filter>Header Files</Filter>
    </ClInclude>
    <ClInclude Include="src\archive\general\math\matrix_math.hpp">
      <Filter>Header Files</Filter>
    </ClInclude>
    <ClInclude Include="src\archive\general\math\quaternion.hpp">
      <Filter>Header Files</Filter>
    </ClInclude>
    <ClInclude Include="src\archive\general\math\spline.hpp">
      <Filter>Header Files</Filter>
    </ClInclude>
    <ClInclude Include="src\archive\general\path.hpp">
      <Filter>Header Files</Filter>
    </ClInclude>
    <ClInclude Include="src\archive\general\astar.hpp">
      <Filter>Header Files</Filter>
    </ClInclude>
    <ClInclude Include="src\archive\general\color.hpp">
      <Filter>Header Files</Filter>
    </ClInclude>
    <ClInclude Include="src\archive\general\file.hpp">
      <Filter>Header Files</Filter>
    </ClInclude>
    <ClInclude Include="src\archive\general\hash.hpp">
      <Filter>Header Files</Filter>
    </ClInclude>
    <ClInclude Include="src\archive\general\id_ptr.hpp">
      <Filter>Header Files</Filter>
    </ClInclude>
    <ClInclude Include="src\archive\general\json.hpp">
      <Filter>Header Files</Filter>
    </ClInclude>
    <ClInclude Include="src\archive\general\string.hpp">
      <Filter>Header Files</Filter>
    </ClInclude>
    <ClInclude Include="src\archive\general\umap.hpp">
      <Filter>Header Files</Filter>
    </ClInclude>
    <ClInclude Include="src\archive\general\vector.hpp">
      <Filter>Header Files</Filter>
    </ClInclude>
    <ClInclude Include="src\archive\general\fmt_geometry.hpp">
      <Filter>Header Files</Filter>
    </ClInclude>
    <ClInclude Include="src\archive\general\fmt_renderer.hpp">
      <Filter>Header Files</Filter>
    </ClInclude>
    <ClInclude Include="src\archive\general\glfw.hpp">
      <Filter>Header Files</Filter>
    </ClInclude>
    <ClInclude Include="src\archive\general\icons\font_awesome4.h">
      <Filter>Header Files</Filter>
    </ClInclude>
    <ClInclude Include="src\archive\general\imgui_extra.hpp">
      <Filter>Header Files</Filter>
    </ClInclude>
    <ClInclude Include="src\archive\general\vuk_imgui.hpp">
      <Filter>Header Files</Filter>
    </ClInclude>
    <ClInclude Include="src\archive\extension\fmt.hpp">
      <Filter>Header Files</Filter>
    </ClInclude>
    <ClInclude Include="src\archive\extension\fmt_geometry.hpp">
      <Filter>Header Files</Filter>
    </ClInclude>
    <ClInclude Include="src\archive\extension\fmt_renderer.hpp">
      <Filter>Header Files</Filter>
    </ClInclude>
    <ClInclude Include="src\archive\extension\glfw.hpp">
      <Filter>Header Files</Filter>
    </ClInclude>
    <ClInclude Include="src\archive\extension\imgui_extra.hpp">
      <Filter>Header Files</Filter>
    </ClInclude>
    <ClInclude Include="src\archive\extension\vuk_imgui.hpp">
      <Filter>Header Files</Filter>
    </ClInclude>
    <ClInclude Include="src\archive\extension\icons\font_awesome4.h">
      <Filter>Header Files</Filter>
    </ClInclude>
  </ItemGroup>
  <ItemGroup>
    <None Include="libs\GLFW\bin\glfw3.dll" />
  </ItemGroup>
  <ItemGroup>
    <Library Include="libs\GLFW\bin\glfw3.lib" />
    <Library Include="libs\GLFW\bin\glfw3_mt.lib" />
    <Library Include="libs\GLFW\bin\glfw3dll.lib" />
  </ItemGroup>
</Project>